
Microsoft Visual Studio Solution File, Format Version 12.00
# Visual Studio Version 17
VisualStudioVersion = 17.6.33815.320
MinimumVisualStudioVersion = 10.0.40219.1
Project("{9A19103F-16F7-4668-BE54-9A1E7A4F7556}") = "Szorzotabla", "Szorzotabla\Szorzotabla.csproj", "{BA4FAD5E-C281-44C1-ADFE-AEF483958A58}"
EndProject
Project("{9A19103F-16F7-4668-BE54-9A1E7A4F7556}") = "Fibomacci", "Fibomacci\Fibomacci.csproj", "{117F9B23-3701-4914-8536-9B6D0C53800F}"
EndProject
Project("{9A19103F-16F7-4668-BE54-9A1E7A4F7556}") = "pascal_haromszog", "pascal_haromszog\pascal_haromszog.csproj", "{31A1AD0B-FB2A-417A-B760-6BC3C6448265}"
EndProject
Project("{9A19103F-16F7-4668-BE54-9A1E7A4F7556}") = "harmadik", "harmadik\harmadik.csproj", "{3A570CC8-FE16-4DEF-976F-405B261D2AC8}"
EndProject
Project("{9A19103F-16F7-4668-BE54-9A1E7A4F7556}") = "ZH1_tacueo", "ZH1_tacueo\ZH1_tacueo.csproj", "{65294D69-1123-4229-87C9-41EA5BE07D4A}"
EndProject
Project("{9A19103F-16F7-4668-BE54-9A1E7A4F7556}") = "HajósTeszt", "HajósTeszt\HajósTeszt.csproj", "{1778769B-31D2-4AFB-819C-67E2882C8EE9}"
EndProject
Project("{9A19103F-16F7-4668-BE54-9A1E7A4F7556}") = "5.hetgyak", "5.hetgyak\5.hetgyak.csproj", "{78B6B871-D3E7-43FB-A824-D97B74CF5062}"
EndProject
Project("{9A19103F-16F7-4668-BE54-9A1E7A4F7556}") = "snake", "snake\snake.csproj", "{630D143E-85B9-4B74-BC61-2DB3BF30E366}"
EndProject
Project("{FAE04EC0-301F-11D3-BF4B-00C04F79EFBC}") = "zhgyakora2", "..\zhgyakora2\zhgyakora2.csproj", "{5D2FB3DF-3258-45DB-8DD9-D2B05416300D}"
EndProject
Project("{9A19103F-16F7-4668-BE54-9A1E7A4F7556}") = "zhotthoni", "zhotthoni\zhotthoni.csproj", "{AE7B241A-CFB6-490F-AD29-5224A6C78D47}"
EndProject
Project("{9A19103F-16F7-4668-BE54-9A1E7A4F7556}") = "ZH2_tacueo", "ZH2_tacueo\ZH2_tacueo.csproj", "{D7F34BBA-0334-4C16-85C2-B4EAA0934AC4}"
EndProject
Project("{FAE04EC0-301F-11D3-BF4B-00C04F79EFBC}") = "hangman", "hangman\hangman.csproj", "{B720631D-365B-4BD2-A28B-072DF241BFF6}"
EndProject
Global
	GlobalSection(SolutionConfigurationPlatforms) = preSolution
		Debug|Any CPU = Debug|Any CPU
		Release|Any CPU = Release|Any CPU
	EndGlobalSection
	GlobalSection(ProjectConfigurationPlatforms) = postSolution
		{BA4FAD5E-C281-44C1-ADFE-AEF483958A58}.Debug|Any CPU.ActiveCfg = Debug|Any CPU
		{BA4FAD5E-C281-44C1-ADFE-AEF483958A58}.Debug|Any CPU.Build.0 = Debug|Any CPU
		{BA4FAD5E-C281-44C1-ADFE-AEF483958A58}.Release|Any CPU.ActiveCfg = Release|Any CPU
		{BA4FAD5E-C281-44C1-ADFE-AEF483958A58}.Release|Any CPU.Build.0 = Release|Any CPU
		{117F9B23-3701-4914-8536-9B6D0C53800F}.Debug|Any CPU.ActiveCfg = Debug|Any CPU
		{117F9B23-3701-4914-8536-9B6D0C53800F}.Debug|Any CPU.Build.0 = Debug|Any CPU
		{117F9B23-3701-4914-8536-9B6D0C53800F}.Release|Any CPU.ActiveCfg = Release|Any CPU
		{117F9B23-3701-4914-8536-9B6D0C53800F}.Release|Any CPU.Build.0 = Release|Any CPU
		{31A1AD0B-FB2A-417A-B760-6BC3C6448265}.Debug|Any CPU.ActiveCfg = Debug|Any CPU
		{31A1AD0B-FB2A-417A-B760-6BC3C6448265}.Debug|Any CPU.Build.0 = Debug|Any CPU
		{31A1AD0B-FB2A-417A-B760-6BC3C6448265}.Release|Any CPU.ActiveCfg = Release|Any CPU
		{31A1AD0B-FB2A-417A-B760-6BC3C6448265}.Release|Any CPU.Build.0 = Release|Any CPU
		{3A570CC8-FE16-4DEF-976F-405B261D2AC8}.Debug|Any CPU.ActiveCfg = Debug|Any CPU
		{3A570CC8-FE16-4DEF-976F-405B261D2AC8}.Debug|Any CPU.Build.0 = Debug|Any CPU
		{3A570CC8-FE16-4DEF-976F-405B261D2AC8}.Release|Any CPU.ActiveCfg = Release|Any CPU
		{3A570CC8-FE16-4DEF-976F-405B261D2AC8}.Release|Any CPU.Build.0 = Release|Any CPU
		{65294D69-1123-4229-87C9-41EA5BE07D4A}.Debug|Any CPU.ActiveCfg = Debug|Any CPU
		{65294D69-1123-4229-87C9-41EA5BE07D4A}.Debug|Any CPU.Build.0 = Debug|Any CPU
		{65294D69-1123-4229-87C9-41EA5BE07D4A}.Release|Any CPU.ActiveCfg = Release|Any CPU
		{65294D69-1123-4229-87C9-41EA5BE07D4A}.Release|Any CPU.Build.0 = Release|Any CPU
		{1778769B-31D2-4AFB-819C-67E2882C8EE9}.Debug|Any CPU.ActiveCfg = Debug|Any CPU
		{1778769B-31D2-4AFB-819C-67E2882C8EE9}.Debug|Any CPU.Build.0 = Debug|Any CPU
		{1778769B-31D2-4AFB-819C-67E2882C8EE9}.Release|Any CPU.ActiveCfg = Release|Any CPU
		{1778769B-31D2-4AFB-819C-67E2882C8EE9}.Release|Any CPU.Build.0 = Release|Any CPU
		{78B6B871-D3E7-43FB-A824-D97B74CF5062}.Debug|Any CPU.ActiveCfg = Debug|Any CPU
		{78B6B871-D3E7-43FB-A824-D97B74CF5062}.Debug|Any CPU.Build.0 = Debug|Any CPU
		{78B6B871-D3E7-43FB-A824-D97B74CF5062}.Release|Any CPU.ActiveCfg = Release|Any CPU
		{78B6B871-D3E7-43FB-A824-D97B74CF5062}.Release|Any CPU.Build.0 = Release|Any CPU
		{630D143E-85B9-4B74-BC61-2DB3BF30E366}.Debug|Any CPU.ActiveCfg = Debug|Any CPU
		{630D143E-85B9-4B74-BC61-2DB3BF30E366}.Debug|Any CPU.Build.0 = Debug|Any CPU
		{630D143E-85B9-4B74-BC61-2DB3BF30E366}.Release|Any CPU.ActiveCfg = Release|Any CPU
		{630D143E-85B9-4B74-BC61-2DB3BF30E366}.Release|Any CPU.Build.0 = Release|Any CPU
		{5D2FB3DF-3258-45DB-8DD9-D2B05416300D}.Debug|Any CPU.ActiveCfg = Debug|Any CPU
		{5D2FB3DF-3258-45DB-8DD9-D2B05416300D}.Debug|Any CPU.Build.0 = Debug|Any CPU
		{5D2FB3DF-3258-45DB-8DD9-D2B05416300D}.Release|Any CPU.ActiveCfg = Release|Any CPU
		{5D2FB3DF-3258-45DB-8DD9-D2B05416300D}.Release|Any CPU.Build.0 = Release|Any CPU
		{AE7B241A-CFB6-490F-AD29-5224A6C78D47}.Debug|Any CPU.ActiveCfg = Debug|Any CPU
		{AE7B241A-CFB6-490F-AD29-5224A6C78D47}.Debug|Any CPU.Build.0 = Debug|Any CPU
		{AE7B241A-CFB6-490F-AD29-5224A6C78D47}.Release|Any CPU.ActiveCfg = Release|Any CPU
		{AE7B241A-CFB6-490F-AD29-5224A6C78D47}.Release|Any CPU.Build.0 = Release|Any CPU
		{D7F34BBA-0334-4C16-85C2-B4EAA0934AC4}.Debug|Any CPU.ActiveCfg = Debug|Any CPU
		{D7F34BBA-0334-4C16-85C2-B4EAA0934AC4}.Debug|Any CPU.Build.0 = Debug|Any CPU
		{D7F34BBA-0334-4C16-85C2-B4EAA0934AC4}.Release|Any CPU.ActiveCfg = Release|Any CPU
		{D7F34BBA-0334-4C16-85C2-B4EAA0934AC4}.Release|Any CPU.Build.0 = Release|Any CPU
		{B720631D-365B-4BD2-A28B-072DF241BFF6}.Debug|Any CPU.ActiveCfg = Debug|Any CPU
		{B720631D-365B-4BD2-A28B-072DF241BFF6}.Debug|Any CPU.Build.0 = Debug|Any CPU
		{B720631D-365B-4BD2-A28B-072DF241BFF6}.Release|Any CPU.ActiveCfg = Release|Any CPU
		{B720631D-365B-4BD2-A28B-072DF241BFF6}.Release|Any CPU.Build.0 = Release|Any CPU
	EndGlobalSection
	GlobalSection(SolutionProperties) = preSolution
		HideSolutionNode = FALSE
	EndGlobalSection
	GlobalSection(ExtensibilityGlobals) = postSolution
		SolutionGuid = {CD6E391B-DE36-4088-8A33-0D2B2292AEB3}
	EndGlobalSection
EndGlobal
