
Microsoft Visual Studio Solution File, Format Version 12.00
# Visual Studio Version 17
VisualStudioVersion = 17.6.33815.320
MinimumVisualStudioVersion = 10.0.40219.1
Project("{FAE04EC0-301F-11D3-BF4B-00C04F79EFBC}") = "Szorzotabla", "Szorzotabla\Szorzotabla.csproj", "{BA4FAD5E-C281-44C1-ADFE-AEF483958A58}"
EndProject
Project("{FAE04EC0-301F-11D3-BF4B-00C04F79EFBC}") = "Fibomacci", "Fibomacci\Fibomacci.csproj", "{117F9B23-3701-4914-8536-9B6D0C53800F}"
EndProject
Global
	GlobalSection(SolutionConfigurationPlatforms) = preSolution
		Debug|Any CPU = Debug|Any CPU
		Release|Any CPU = Release|Any CPU
	EndGlobalSection
	GlobalSection(ProjectConfigurationPlatforms) = postSolution
		{BA4FAD5E-C281-44C1-ADFE-AEF483958A58}.Debug|Any CPU.ActiveCfg = Debug|Any CPU
		{BA4FAD5E-C281-44C1-ADFE-AEF483958A58}.Debug|Any CPU.Build.0 = Debug|Any CPU
		{BA4FAD5E-C281-44C1-ADFE-AEF483958A58}.Release|Any CPU.ActiveCfg = Release|Any CPU
		{BA4FAD5E-C281-44C1-ADFE-AEF483958A58}.Release|Any CPU.Build.0 = Release|Any CPU
		{117F9B23-3701-4914-8536-9B6D0C53800F}.Debug|Any CPU.ActiveCfg = Debug|Any CPU
		{117F9B23-3701-4914-8536-9B6D0C53800F}.Debug|Any CPU.Build.0 = Debug|Any CPU
		{117F9B23-3701-4914-8536-9B6D0C53800F}.Release|Any CPU.ActiveCfg = Release|Any CPU
		{117F9B23-3701-4914-8536-9B6D0C53800F}.Release|Any CPU.Build.0 = Release|Any CPU
	EndGlobalSection
	GlobalSection(SolutionProperties) = preSolution
		HideSolutionNode = FALSE
	EndGlobalSection
	GlobalSection(ExtensibilityGlobals) = postSolution
		SolutionGuid = {CD6E391B-DE36-4088-8A33-0D2B2292AEB3}
	EndGlobalSection
EndGlobal
